
Microsoft Visual Studio Solution File, Format Version 11.00
# Visual Studio 2010
Project("{FAE04EC0-301F-11D3-BF4B-00C04F79EFBC}") = "The-Last-Man-Standing-", "Assembly-CSharp-firstpass.csproj", "{8E8F0975-ADD0-02D7-513F-87194661708D}"
EndProject
Project("{FAE04EC0-301F-11D3-BF4B-00C04F79EFBC}") = "The-Last-Man-Standing-", "Assembly-CSharp.csproj", "{4E26798B-B24E-8756-C34B-556C32B0F2B6}"
EndProject
Project("{FAE04EC0-301F-11D3-BF4B-00C04F79EFBC}") = "The-Last-Man-Standing-", "Assembly-CSharp-Editor-firstpass.csproj", "{DD7E3FE3-3B65-291B-5DFC-13CB3748DEA7}"
EndProject
Project("{FAE04EC0-301F-11D3-BF4B-00C04F79EFBC}") = "The-Last-Man-Standing-", "Assembly-CSharp-Editor.csproj", "{214EAC16-8C0A-FFD1-EFDE-14B8BA5472DE}"
EndProject
Global
	GlobalSection(SolutionConfigurationPlatforms) = preSolution
		Debug|Any CPU = Debug|Any CPU
		Release|Any CPU = Release|Any CPU
	EndGlobalSection
	GlobalSection(ProjectConfigurationPlatforms) = postSolution
		{8E8F0975-ADD0-02D7-513F-87194661708D}.Debug|Any CPU.ActiveCfg = Debug|Any CPU
		{8E8F0975-ADD0-02D7-513F-87194661708D}.Debug|Any CPU.Build.0 = Debug|Any CPU
		{8E8F0975-ADD0-02D7-513F-87194661708D}.Release|Any CPU.ActiveCfg = Release|Any CPU
		{8E8F0975-ADD0-02D7-513F-87194661708D}.Release|Any CPU.Build.0 = Release|Any CPU
		{4E26798B-B24E-8756-C34B-556C32B0F2B6}.Debug|Any CPU.ActiveCfg = Debug|Any CPU
		{4E26798B-B24E-8756-C34B-556C32B0F2B6}.Debug|Any CPU.Build.0 = Debug|Any CPU
		{4E26798B-B24E-8756-C34B-556C32B0F2B6}.Release|Any CPU.ActiveCfg = Release|Any CPU
		{4E26798B-B24E-8756-C34B-556C32B0F2B6}.Release|Any CPU.Build.0 = Release|Any CPU
		{DD7E3FE3-3B65-291B-5DFC-13CB3748DEA7}.Debug|Any CPU.ActiveCfg = Debug|Any CPU
		{DD7E3FE3-3B65-291B-5DFC-13CB3748DEA7}.Debug|Any CPU.Build.0 = Debug|Any CPU
		{DD7E3FE3-3B65-291B-5DFC-13CB3748DEA7}.Release|Any CPU.ActiveCfg = Release|Any CPU
		{DD7E3FE3-3B65-291B-5DFC-13CB3748DEA7}.Release|Any CPU.Build.0 = Release|Any CPU
		{214EAC16-8C0A-FFD1-EFDE-14B8BA5472DE}.Debug|Any CPU.ActiveCfg = Debug|Any CPU
		{214EAC16-8C0A-FFD1-EFDE-14B8BA5472DE}.Debug|Any CPU.Build.0 = Debug|Any CPU
		{214EAC16-8C0A-FFD1-EFDE-14B8BA5472DE}.Release|Any CPU.ActiveCfg = Release|Any CPU
		{214EAC16-8C0A-FFD1-EFDE-14B8BA5472DE}.Release|Any CPU.Build.0 = Release|Any CPU
	EndGlobalSection
	GlobalSection(SolutionProperties) = preSolution
		HideSolutionNode = FALSE
	EndGlobalSection
	GlobalSection(MonoDevelopProperties) = preSolution
		StartupItem = Assembly-CSharp.csproj
	EndGlobalSection
EndGlobal
